
Microsoft Visual Studio Solution File, Format Version 12.00
# Visual Studio Version 17
VisualStudioVersion = 17.6.33801.468
MinimumVisualStudioVersion = 10.0.40219.1
Project("{FAE04EC0-301F-11D3-BF4B-00C04F79EFBC}") = "ContaBancaria", "ContaBancaria\ContaBancaria.csproj", "{358A068D-8449-454D-9F38-83C8CDEF340F}"
EndProject
Global
	GlobalSection(SolutionConfigurationPlatforms) = preSolution
		Debug|Any CPU = Debug|Any CPU
		Release|Any CPU = Release|Any CPU
	EndGlobalSection
	GlobalSection(ProjectConfigurationPlatforms) = postSolution
		{358A068D-8449-454D-9F38-83C8CDEF340F}.Debug|Any CPU.ActiveCfg = Debug|Any CPU
		{358A068D-8449-454D-9F38-83C8CDEF340F}.Debug|Any CPU.Build.0 = Debug|Any CPU
		{358A068D-8449-454D-9F38-83C8CDEF340F}.Release|Any CPU.ActiveCfg = Release|Any CPU
		{358A068D-8449-454D-9F38-83C8CDEF340F}.Release|Any CPU.Build.0 = Release|Any CPU
	EndGlobalSection
	GlobalSection(SolutionProperties) = preSolution
		HideSolutionNode = FALSE
	EndGlobalSection
	GlobalSection(ExtensibilityGlobals) = postSolution
		SolutionGuid = {55990A4B-DA12-4E24-AECF-86364D17CC82}
	EndGlobalSection
EndGlobal
